
Microsoft Visual Studio Solution File, Format Version 12.00
# Visual Studio Version 16
VisualStudioVersion = 16.0.30413.136
MinimumVisualStudioVersion = 10.0.40219.1
Project("{FAE04EC0-301F-11D3-BF4B-00C04F79EFBC}") = "Nullable", "Nullable\Nullable.csproj", "{7EA0BD7C-B540-402B-BA28-DEC71E3D84A9}"
EndProject
Global
	GlobalSection(SolutionConfigurationPlatforms) = preSolution
		Debug|Any CPU = Debug|Any CPU
		Release|Any CPU = Release|Any CPU
	EndGlobalSection
	GlobalSection(ProjectConfigurationPlatforms) = postSolution
		{7EA0BD7C-B540-402B-BA28-DEC71E3D84A9}.Debug|Any CPU.ActiveCfg = Debug|Any CPU
		{7EA0BD7C-B540-402B-BA28-DEC71E3D84A9}.Debug|Any CPU.Build.0 = Debug|Any CPU
		{7EA0BD7C-B540-402B-BA28-DEC71E3D84A9}.Release|Any CPU.ActiveCfg = Release|Any CPU
		{7EA0BD7C-B540-402B-BA28-DEC71E3D84A9}.Release|Any CPU.Build.0 = Release|Any CPU
	EndGlobalSection
	GlobalSection(SolutionProperties) = preSolution
		HideSolutionNode = FALSE
	EndGlobalSection
	GlobalSection(ExtensibilityGlobals) = postSolution
		SolutionGuid = {7FC1C8F6-01C4-46EC-A985-25D289247C15}
	EndGlobalSection
EndGlobal
