
Microsoft Visual Studio Solution File, Format Version 12.00
# Visual Studio Version 16
VisualStudioVersion = 16.0.30907.101
MinimumVisualStudioVersion = 10.0.40219.1
Project("{FAE04EC0-301F-11D3-BF4B-00C04F79EFBC}") = "STATIC", "STATIC\STATIC.csproj", "{0620CD7B-A21B-4115-B264-A2ADBB7C7F3C}"
EndProject
Global
	GlobalSection(SolutionConfigurationPlatforms) = preSolution
		Debug|Any CPU = Debug|Any CPU
		Release|Any CPU = Release|Any CPU
	EndGlobalSection
	GlobalSection(ProjectConfigurationPlatforms) = postSolution
		{0620CD7B-A21B-4115-B264-A2ADBB7C7F3C}.Debug|Any CPU.ActiveCfg = Debug|Any CPU
		{0620CD7B-A21B-4115-B264-A2ADBB7C7F3C}.Debug|Any CPU.Build.0 = Debug|Any CPU
		{0620CD7B-A21B-4115-B264-A2ADBB7C7F3C}.Release|Any CPU.ActiveCfg = Release|Any CPU
		{0620CD7B-A21B-4115-B264-A2ADBB7C7F3C}.Release|Any CPU.Build.0 = Release|Any CPU
	EndGlobalSection
	GlobalSection(SolutionProperties) = preSolution
		HideSolutionNode = FALSE
	EndGlobalSection
	GlobalSection(ExtensibilityGlobals) = postSolution
		SolutionGuid = {060FABF8-7609-4BB6-8764-3F082E5C7091}
	EndGlobalSection
EndGlobal
